
Microsoft Visual Studio Solution File, Format Version 12.00
# Visual Studio Version 17
VisualStudioVersion = 17.5.002.0
MinimumVisualStudioVersion = 10.0.40219.1
Project("{9A19103F-16F7-4668-BE54-9A1E7A4F7556}") = "HalloDocMVC", "HalloDocMVC.csproj", "{D1E06409-C35C-4616-A7C3-8FE2309B3787}"
EndProject
Global
	GlobalSection(SolutionConfigurationPlatforms) = preSolution
		Debug|Any CPU = Debug|Any CPU
		Release|Any CPU = Release|Any CPU
	EndGlobalSection
	GlobalSection(ProjectConfigurationPlatforms) = postSolution
		{D1E06409-C35C-4616-A7C3-8FE2309B3787}.Debug|Any CPU.ActiveCfg = Debug|Any CPU
		{D1E06409-C35C-4616-A7C3-8FE2309B3787}.Debug|Any CPU.Build.0 = Debug|Any CPU
		{D1E06409-C35C-4616-A7C3-8FE2309B3787}.Release|Any CPU.ActiveCfg = Release|Any CPU
		{D1E06409-C35C-4616-A7C3-8FE2309B3787}.Release|Any CPU.Build.0 = Release|Any CPU
	EndGlobalSection
	GlobalSection(SolutionProperties) = preSolution
		HideSolutionNode = FALSE
	EndGlobalSection
	GlobalSection(ExtensibilityGlobals) = postSolution
		SolutionGuid = {5D7438D4-4A04-427F-B5DE-2C81ECC22DF8}
	EndGlobalSection
EndGlobal
